
Microsoft Visual Studio Solution File, Format Version 12.00
# Visual Studio Version 17
VisualStudioVersion = 17.5.33516.290
MinimumVisualStudioVersion = 10.0.40219.1
Project("{FAE04EC0-301F-11D3-BF4B-00C04F79EFBC}") = "crud", "crud\crud.csproj", "{1223E390-05FA-4DDE-AA51-52C98776948E}"
EndProject
Global
	GlobalSection(SolutionConfigurationPlatforms) = preSolution
		Debug|Any CPU = Debug|Any CPU
		Release|Any CPU = Release|Any CPU
	EndGlobalSection
	GlobalSection(ProjectConfigurationPlatforms) = postSolution
		{1223E390-05FA-4DDE-AA51-52C98776948E}.Debug|Any CPU.ActiveCfg = Debug|Any CPU
		{1223E390-05FA-4DDE-AA51-52C98776948E}.Debug|Any CPU.Build.0 = Debug|Any CPU
		{1223E390-05FA-4DDE-AA51-52C98776948E}.Release|Any CPU.ActiveCfg = Release|Any CPU
		{1223E390-05FA-4DDE-AA51-52C98776948E}.Release|Any CPU.Build.0 = Release|Any CPU
	EndGlobalSection
	GlobalSection(SolutionProperties) = preSolution
		HideSolutionNode = FALSE
	EndGlobalSection
	GlobalSection(ExtensibilityGlobals) = postSolution
		SolutionGuid = {AFE68B0A-3B00-4874-A43A-4C113F9E1DED}
	EndGlobalSection
EndGlobal
